
Microsoft Visual Studio Solution File, Format Version 12.00
# Visual Studio 15
VisualStudioVersion = 15.0.27703.2035
MinimumVisualStudioVersion = 10.0.40219.1
Project("{FAE04EC0-301F-11D3-BF4B-00C04F79EFBC}") = "BE", "BE\BE.csproj", "{C2C52685-E078-40D7-8A57-7C7EC6727690}"
EndProject
Project("{FAE04EC0-301F-11D3-BF4B-00C04F79EFBC}") = "DAL", "DAL\DAL.csproj", "{E08B9C6A-C37F-4676-85C4-E7F130C5E2E9}"
EndProject
Project("{FAE04EC0-301F-11D3-BF4B-00C04F79EFBC}") = "BL", "BL\BL.csproj", "{D9159F9F-8FF6-435F-AB05-171F41770C70}"
EndProject
Project("{FAE04EC0-301F-11D3-BF4B-00C04F79EFBC}") = "PL", "PL\PL.csproj", "{97E86DD4-23F6-411A-82CF-1D4D821578AB}"
EndProject
Project("{FAE04EC0-301F-11D3-BF4B-00C04F79EFBC}") = "DS", "DS\DS.csproj", "{E0B93BEF-AF24-4B3F-BEE0-8F755C0B817F}"
EndProject
Global
	GlobalSection(SolutionConfigurationPlatforms) = preSolution
		Debug|Any CPU = Debug|Any CPU
		Release|Any CPU = Release|Any CPU
	EndGlobalSection
	GlobalSection(ProjectConfigurationPlatforms) = postSolution
		{C2C52685-E078-40D7-8A57-7C7EC6727690}.Debug|Any CPU.ActiveCfg = Debug|Any CPU
		{C2C52685-E078-40D7-8A57-7C7EC6727690}.Debug|Any CPU.Build.0 = Debug|Any CPU
		{C2C52685-E078-40D7-8A57-7C7EC6727690}.Release|Any CPU.ActiveCfg = Release|Any CPU
		{C2C52685-E078-40D7-8A57-7C7EC6727690}.Release|Any CPU.Build.0 = Release|Any CPU
		{E08B9C6A-C37F-4676-85C4-E7F130C5E2E9}.Debug|Any CPU.ActiveCfg = Debug|Any CPU
		{E08B9C6A-C37F-4676-85C4-E7F130C5E2E9}.Debug|Any CPU.Build.0 = Debug|Any CPU
		{E08B9C6A-C37F-4676-85C4-E7F130C5E2E9}.Release|Any CPU.ActiveCfg = Release|Any CPU
		{E08B9C6A-C37F-4676-85C4-E7F130C5E2E9}.Release|Any CPU.Build.0 = Release|Any CPU
		{D9159F9F-8FF6-435F-AB05-171F41770C70}.Debug|Any CPU.ActiveCfg = Debug|Any CPU
		{D9159F9F-8FF6-435F-AB05-171F41770C70}.Debug|Any CPU.Build.0 = Debug|Any CPU
		{D9159F9F-8FF6-435F-AB05-171F41770C70}.Release|Any CPU.ActiveCfg = Release|Any CPU
		{D9159F9F-8FF6-435F-AB05-171F41770C70}.Release|Any CPU.Build.0 = Release|Any CPU
		{97E86DD4-23F6-411A-82CF-1D4D821578AB}.Debug|Any CPU.ActiveCfg = Debug|Any CPU
		{97E86DD4-23F6-411A-82CF-1D4D821578AB}.Debug|Any CPU.Build.0 = Debug|Any CPU
		{97E86DD4-23F6-411A-82CF-1D4D821578AB}.Release|Any CPU.ActiveCfg = Release|Any CPU
		{97E86DD4-23F6-411A-82CF-1D4D821578AB}.Release|Any CPU.Build.0 = Release|Any CPU
		{E0B93BEF-AF24-4B3F-BEE0-8F755C0B817F}.Debug|Any CPU.ActiveCfg = Debug|Any CPU
		{E0B93BEF-AF24-4B3F-BEE0-8F755C0B817F}.Debug|Any CPU.Build.0 = Debug|Any CPU
		{E0B93BEF-AF24-4B3F-BEE0-8F755C0B817F}.Release|Any CPU.ActiveCfg = Release|Any CPU
		{E0B93BEF-AF24-4B3F-BEE0-8F755C0B817F}.Release|Any CPU.Build.0 = Release|Any CPU
	EndGlobalSection
	GlobalSection(SolutionProperties) = preSolution
		HideSolutionNode = FALSE
	EndGlobalSection
	GlobalSection(ExtensibilityGlobals) = postSolution
		SolutionGuid = {9661E258-5BF0-439A-96EB-78349AE2C413}
	EndGlobalSection
EndGlobal
